
Microsoft Visual Studio Solution File, Format Version 12.00
# Visual Studio Express 2013 for Windows Desktop
VisualStudioVersion = 12.0.31101.0
MinimumVisualStudioVersion = 10.0.40219.1
Project("{8BC9CEB8-8B4A-11D0-8D11-00A0C91BC942}") = "ProjectEnd", "ProjectEnd\ProjectEnd.vcxproj", "{B4EF90F1-09AF-40FF-99F7-1D07A789E043}"
EndProject
Project("{8BC9CEB8-8B4A-11D0-8D11-00A0C91BC942}") = "ProjectEndClient", "ProjectEndClient\ProjectEndClient.vcxproj", "{002DC0CA-0451-4B3E-B56B-9F1E4A48A9E9}"
EndProject
Global
	GlobalSection(SolutionConfigurationPlatforms) = preSolution
		Debug|Win32 = Debug|Win32
		Release|Win32 = Release|Win32
	EndGlobalSection
	GlobalSection(ProjectConfigurationPlatforms) = postSolution
		{B4EF90F1-09AF-40FF-99F7-1D07A789E043}.Debug|Win32.ActiveCfg = Debug|Win32
		{B4EF90F1-09AF-40FF-99F7-1D07A789E043}.Debug|Win32.Build.0 = Debug|Win32
		{B4EF90F1-09AF-40FF-99F7-1D07A789E043}.Release|Win32.ActiveCfg = Release|Win32
		{B4EF90F1-09AF-40FF-99F7-1D07A789E043}.Release|Win32.Build.0 = Release|Win32
		{002DC0CA-0451-4B3E-B56B-9F1E4A48A9E9}.Debug|Win32.ActiveCfg = Debug|Win32
		{002DC0CA-0451-4B3E-B56B-9F1E4A48A9E9}.Debug|Win32.Build.0 = Debug|Win32
		{002DC0CA-0451-4B3E-B56B-9F1E4A48A9E9}.Release|Win32.ActiveCfg = Release|Win32
		{002DC0CA-0451-4B3E-B56B-9F1E4A48A9E9}.Release|Win32.Build.0 = Release|Win32
	EndGlobalSection
	GlobalSection(SolutionProperties) = preSolution
		HideSolutionNode = FALSE
	EndGlobalSection
EndGlobal
